
Microsoft Visual Studio Solution File, Format Version 12.00
# Visual Studio Version 16
VisualStudioVersion = 16.0.30523.141
MinimumVisualStudioVersion = 10.0.40219.1
Project("{2150E333-8FDC-42A3-9474-1A3956D46DE8}") = "GitHub", "GitHub", "{177F60A0-B1B9-45D1-9CB1-8F06A6ED2AB5}"
	ProjectSection(SolutionItems) = preProject
		.gitignore = .gitignore
		LICENSE = LICENSE
		README.md = README.md
	EndProjectSection
EndProject
Project("{FAE04EC0-301F-11D3-BF4B-00C04F79EFBC}") = "RaspberryDebugger", "RaspberryDebugger\RaspberryDebugger.csproj", "{80D6A0E0-A145-488C-976D-CE34A16D8533}"
EndProject
Project("{9A19103F-16F7-4668-BE54-9A1E7A4F7556}") = "SdkCatalogChecker", "SdkCatalogChecker\SdkCatalogChecker.csproj", "{003203EC-1955-47A8-8DEC-7483D1617528}"
EndProject
Project("{2150E333-8FDC-42A3-9474-1A3956D46DE8}") = "Doc", "Doc", "{5A14B2C0-0606-433A-AE9C-9E33C7B2BA27}"
	ProjectSection(SolutionItems) = preProject
		Doc\DEVELOPER.md = Doc\DEVELOPER.md
		Doc\RELEASE.md = Doc\RELEASE.md
	EndProjectSection
EndProject
Project("{2150E333-8FDC-42A3-9474-1A3956D46DE8}") = "Images", "Images", "{642CFDE5-32E6-46EB-B79E-8E380CCE0237}"
	ProjectSection(SolutionItems) = preProject
		Doc\Images\RaspberryDebugSettings.png = Doc\Images\RaspberryDebugSettings.png
	EndProjectSection
EndProject
Global
	GlobalSection(SolutionConfigurationPlatforms) = preSolution
		Debug|Any CPU = Debug|Any CPU
		Release|Any CPU = Release|Any CPU
	EndGlobalSection
	GlobalSection(ProjectConfigurationPlatforms) = postSolution
		{80D6A0E0-A145-488C-976D-CE34A16D8533}.Debug|Any CPU.ActiveCfg = Debug|Any CPU
		{80D6A0E0-A145-488C-976D-CE34A16D8533}.Debug|Any CPU.Build.0 = Debug|Any CPU
		{80D6A0E0-A145-488C-976D-CE34A16D8533}.Release|Any CPU.ActiveCfg = Release|Any CPU
		{80D6A0E0-A145-488C-976D-CE34A16D8533}.Release|Any CPU.Build.0 = Release|Any CPU
		{003203EC-1955-47A8-8DEC-7483D1617528}.Debug|Any CPU.ActiveCfg = Debug|Any CPU
		{003203EC-1955-47A8-8DEC-7483D1617528}.Debug|Any CPU.Build.0 = Debug|Any CPU
		{003203EC-1955-47A8-8DEC-7483D1617528}.Release|Any CPU.ActiveCfg = Release|Any CPU
		{003203EC-1955-47A8-8DEC-7483D1617528}.Release|Any CPU.Build.0 = Release|Any CPU
	EndGlobalSection
	GlobalSection(SolutionProperties) = preSolution
		HideSolutionNode = FALSE
	EndGlobalSection
	GlobalSection(NestedProjects) = preSolution
		{642CFDE5-32E6-46EB-B79E-8E380CCE0237} = {5A14B2C0-0606-433A-AE9C-9E33C7B2BA27}
	EndGlobalSection
	GlobalSection(ExtensibilityGlobals) = postSolution
		SolutionGuid = {52E13CDA-74D0-400C-83D8-417CC3C113D6}
	EndGlobalSection
EndGlobal
