
Microsoft Visual Studio Solution File, Format Version 12.00
# Visual Studio Version 17
VisualStudioVersion = 17.2.32505.173
MinimumVisualStudioVersion = 10.0.40219.1
Project("{2150E333-8FDC-42A3-9474-1A3956D46DE8}") = "GitHub", "GitHub", "{177F60A0-B1B9-45D1-9CB1-8F06A6ED2AB5}"
	ProjectSection(SolutionItems) = preProject
		.gitignore = .gitignore
		buildenv.cmd = buildenv.cmd
		LICENSE = LICENSE
		README.md = README.md
	EndProjectSection
EndProject
Project("{FAE04EC0-301F-11D3-BF4B-00C04F79EFBC}") = "RaspberryDebugger", "RaspberryDebugger\RaspberryDebugger.csproj", "{80D6A0E0-A145-488C-976D-CE34A16D8533}"
EndProject
Project("{2150E333-8FDC-42A3-9474-1A3956D46DE8}") = "Doc", "Doc", "{5A14B2C0-0606-433A-AE9C-9E33C7B2BA27}"
	ProjectSection(SolutionItems) = preProject
		Doc\DEVELOPER.md = Doc\DEVELOPER.md
		MAINTAIN.md = MAINTAIN.md
		Doc\RELEASE-TEMPLATE.md = Doc\RELEASE-TEMPLATE.md
		Doc\RELEASE.md = Doc\RELEASE.md
	EndProjectSection
EndProject
Project("{2150E333-8FDC-42A3-9474-1A3956D46DE8}") = "Images", "Images", "{642CFDE5-32E6-46EB-B79E-8E380CCE0237}"
	ProjectSection(SolutionItems) = preProject
		Doc\Images\RaspberryDebugSettings.png = Doc\Images\RaspberryDebugSettings.png
	EndProjectSection
EndProject
Project("{2150E333-8FDC-42A3-9474-1A3956D46DE8}") = "ToolBin", "ToolBin", "{15A5F928-90D4-421A-850D-8A09842DA012}"
	ProjectSection(SolutionItems) = preProject
		ToolBin\archive.cmd = ToolBin\archive.cmd
		ToolBin\archive.ps1 = ToolBin\archive.ps1
		ToolBin\builder.cmd = ToolBin\builder.cmd
		ToolBin\builder.ps1 = ToolBin\builder.ps1
		ToolBin\openssl.exe = ToolBin\openssl.exe
		ToolBin\PathTool.exe = ToolBin\PathTool.exe
	EndProjectSection
EndProject
Project("{2150E333-8FDC-42A3-9474-1A3956D46DE8}") = "Test", "Test", "{21D869D2-B357-485A-89C0-6A18B8886432}"
EndProject
Project("{2150E333-8FDC-42A3-9474-1A3956D46DE8}") = "Blinkie", "Blinkie", "{C7EA532F-BE47-4993-9599-66168340E980}"
	ProjectSection(SolutionItems) = preProject
		Test\Blinkie\Blinkie.sln = Test\Blinkie\Blinkie.sln
	EndProjectSection
EndProject
Global
	GlobalSection(SolutionConfigurationPlatforms) = preSolution
		Debug|Any CPU = Debug|Any CPU
		Release|Any CPU = Release|Any CPU
	EndGlobalSection
	GlobalSection(ProjectConfigurationPlatforms) = postSolution
		{80D6A0E0-A145-488C-976D-CE34A16D8533}.Debug|Any CPU.ActiveCfg = Debug|Any CPU
		{80D6A0E0-A145-488C-976D-CE34A16D8533}.Debug|Any CPU.Build.0 = Debug|Any CPU
		{80D6A0E0-A145-488C-976D-CE34A16D8533}.Release|Any CPU.ActiveCfg = Release|Any CPU
		{80D6A0E0-A145-488C-976D-CE34A16D8533}.Release|Any CPU.Build.0 = Release|Any CPU
	EndGlobalSection
	GlobalSection(SolutionProperties) = preSolution
		HideSolutionNode = FALSE
	EndGlobalSection
	GlobalSection(NestedProjects) = preSolution
		{642CFDE5-32E6-46EB-B79E-8E380CCE0237} = {5A14B2C0-0606-433A-AE9C-9E33C7B2BA27}
		{C7EA532F-BE47-4993-9599-66168340E980} = {21D869D2-B357-485A-89C0-6A18B8886432}
	EndGlobalSection
	GlobalSection(ExtensibilityGlobals) = postSolution
		SolutionGuid = {52E13CDA-74D0-400C-83D8-417CC3C113D6}
	EndGlobalSection
EndGlobal
